// !$*UTF8*$!
{
	archiveVersion = 1;
	classes = {
	};
	objectVersion = 50;
	objects = {

/* Begin PBXBuildFile section */
		1D420E316E1EBF6117CA3A0B /* Pods_Todo.framework in Frameworks */ = {isa = PBXBuildFile; fileRef = 8224009D72368468977ADF6F /* Pods_Todo.framework */; };
		21BC9DC7C192E5A51926C5D4 /* Pods_Todo_TodoUITests.framework in Frameworks */ = {isa = PBXBuildFile; fileRef = 7AE4CF04FED8C22107F6602C /* Pods_Todo_TodoUITests.framework */; };
		34E3DC63CFCDC58D26A54C70 /* Pods_TodoTests.framework in Frameworks */ = {isa = PBXBuildFile; fileRef = 38B10BCF0AEC2B3813B37776 /* Pods_TodoTests.framework */; };
		71C32C6AA7024A00AAC7B0E2 /* amplifyconfiguration.json in Resources */ = {isa = PBXBuildFile; fileRef = 7B437DF2DF0348289BE2874A /* amplifyconfiguration.json */; };
		C7AC848C81D348ACA3C8D068 /* awsconfiguration.json in Resources */ = {isa = PBXBuildFile; fileRef = 36F1650412234DF79FAB33B9 /* awsconfiguration.json */; };
		C8FAFAA325A2408100AB5AFB /* TodoApp.swift in Sources */ = {isa = PBXBuildFile; fileRef = C8FAFAA225A2408100AB5AFB /* TodoApp.swift */; };
		C8FAFAA525A2408100AB5AFB /* ContentView.swift in Sources */ = {isa = PBXBuildFile; fileRef = C8FAFAA425A2408100AB5AFB /* ContentView.swift */; };
		C8FAFAA725A2408400AB5AFB /* Assets.xcassets in Resources */ = {isa = PBXBuildFile; fileRef = C8FAFAA625A2408400AB5AFB /* Assets.xcassets */; };
		C8FAFAAA25A2408400AB5AFB /* Preview Assets.xcassets in Resources */ = {isa = PBXBuildFile; fileRef = C8FAFAA925A2408400AB5AFB /* Preview Assets.xcassets */; };
		C8FAFAB525A2408400AB5AFB /* TodoTests.swift in Sources */ = {isa = PBXBuildFile; fileRef = C8FAFAB425A2408400AB5AFB /* TodoTests.swift */; };
		C8FAFAC025A2408400AB5AFB /* TodoUITests.swift in Sources */ = {isa = PBXBuildFile; fileRef = C8FAFABF25A2408400AB5AFB /* TodoUITests.swift */; };
		35BCD20D9A944FCAAE2D247A /* AmplifyModels.swift in Sources */ = {isa = PBXBuildFile; fileRef = B0CBFF42100341BAB4BB8739 /* AmplifyModels.swift */; };
		174FBE06121149CB8815A1BC /* Priority.swift in Sources */ = {isa = PBXBuildFile; fileRef = 65E7BFD7BB024C3596510010 /* Priority.swift */; };
		BC06EE50ACB04E42A59E53AE /* Todo.swift in Sources */ = {isa = PBXBuildFile; fileRef = D74B3E2414EA4DBC840131D1 /* Todo.swift */; };
		BBC4A5AE9129464E8AD7C785 /* Todo+Schema.swift in Sources */ = {isa = PBXBuildFile; fileRef = 043A975E090F456BAF649FE3 /* Todo+Schema.swift */; };
/* End PBXBuildFile section */

/* Begin PBXContainerItemProxy section */
		C8FAFAB125A2408400AB5AFB /* PBXContainerItemProxy */ = {
			isa = PBXContainerItemProxy;
			containerPortal = C8FAFA9725A2408100AB5AFB /* Project object */;
			proxyType = 1;
			remoteGlobalIDString = C8FAFA9E25A2408100AB5AFB;
			remoteInfo = Todo;
		};
		C8FAFABC25A2408400AB5AFB /* PBXContainerItemProxy */ = {
			isa = PBXContainerItemProxy;
			containerPortal = C8FAFA9725A2408100AB5AFB /* Project object */;
			proxyType = 1;
			remoteGlobalIDString = C8FAFA9E25A2408100AB5AFB;
			remoteInfo = Todo;
		};
/* End PBXContainerItemProxy section */

/* Begin PBXFileReference section */
		36F1650412234DF79FAB33B9 /* awsconfiguration.json */ = {isa = PBXFileReference; explicitFileType = undefined; fileEncoding = undefined; includeInIndex = 0; lastKnownFileType = unknown; name = awsconfiguration.json; path = awsconfiguration.json; sourceTree = "<group>"; };
		38B10BCF0AEC2B3813B37776 /* Pods_TodoTests.framework */ = {isa = PBXFileReference; explicitFileType = wrapper.framework; includeInIndex = 0; path = Pods_TodoTests.framework; sourceTree = BUILT_PRODUCTS_DIR; };
		4CA550B107EF0937723975ED /* Pods-TodoTests.release.xcconfig */ = {isa = PBXFileReference; includeInIndex = 1; lastKnownFileType = text.xcconfig; name = "Pods-TodoTests.release.xcconfig"; path = "Target Support Files/Pods-TodoTests/Pods-TodoTests.release.xcconfig"; sourceTree = "<group>"; };
		549E92680326493B85A68E5F /* schema.graphql */ = {isa = PBXFileReference; explicitFileType = undefined; fileEncoding = 4; includeInIndex = 0; lastKnownFileType = text; name = schema.graphql; path = amplify/backend/api/amplifyDatasource/schema.graphql; sourceTree = "<group>"; };
		629D06FD75EAF4872A81DC9E /* Pods-TodoTests.debug.xcconfig */ = {isa = PBXFileReference; includeInIndex = 1; lastKnownFileType = text.xcconfig; name = "Pods-TodoTests.debug.xcconfig"; path = "Target Support Files/Pods-TodoTests/Pods-TodoTests.debug.xcconfig"; sourceTree = "<group>"; };
		7AE4CF04FED8C22107F6602C /* Pods_Todo_TodoUITests.framework */ = {isa = PBXFileReference; explicitFileType = wrapper.framework; includeInIndex = 0; path = Pods_Todo_TodoUITests.framework; sourceTree = BUILT_PRODUCTS_DIR; };
		7B437DF2DF0348289BE2874A /* amplifyconfiguration.json */ = {isa = PBXFileReference; explicitFileType = undefined; fileEncoding = undefined; includeInIndex = 0; lastKnownFileType = unknown; name = amplifyconfiguration.json; path = amplifyconfiguration.json; sourceTree = "<group>"; };
		8224009D72368468977ADF6F /* Pods_Todo.framework */ = {isa = PBXFileReference; explicitFileType = wrapper.framework; includeInIndex = 0; path = Pods_Todo.framework; sourceTree = BUILT_PRODUCTS_DIR; };
		957B9184AD534BBC9540DC48 /* amplifytools.xcconfig */ = {isa = PBXFileReference; explicitFileType = undefined; fileEncoding = 4; includeInIndex = 0; lastKnownFileType = text.xcconfig; name = amplifytools.xcconfig; path = amplifytools.xcconfig; sourceTree = "<group>"; };
		C40638708404D6489AF3DCFA /* Pods-Todo.debug.xcconfig */ = {isa = PBXFileReference; includeInIndex = 1; lastKnownFileType = text.xcconfig; name = "Pods-Todo.debug.xcconfig"; path = "Target Support Files/Pods-Todo/Pods-Todo.debug.xcconfig"; sourceTree = "<group>"; };
		C5AB6734AC437CC861939DBF /* Pods-Todo.release.xcconfig */ = {isa = PBXFileReference; includeInIndex = 1; lastKnownFileType = text.xcconfig; name = "Pods-Todo.release.xcconfig"; path = "Target Support Files/Pods-Todo/Pods-Todo.release.xcconfig"; sourceTree = "<group>"; };
		C8FAFA9F25A2408100AB5AFB /* Todo.app */ = {isa = PBXFileReference; explicitFileType = wrapper.application; includeInIndex = 0; path = Todo.app; sourceTree = BUILT_PRODUCTS_DIR; };
		C8FAFAA225A2408100AB5AFB /* TodoApp.swift */ = {isa = PBXFileReference; lastKnownFileType = sourcecode.swift; path = TodoApp.swift; sourceTree = "<group>"; };
		C8FAFAA425A2408100AB5AFB /* ContentView.swift */ = {isa = PBXFileReference; lastKnownFileType = sourcecode.swift; path = ContentView.swift; sourceTree = "<group>"; };
		C8FAFAA625A2408400AB5AFB /* Assets.xcassets */ = {isa = PBXFileReference; lastKnownFileType = folder.assetcatalog; path = Assets.xcassets; sourceTree = "<group>"; };
		C8FAFAA925A2408400AB5AFB /* Preview Assets.xcassets */ = {isa = PBXFileReference; lastKnownFileType = folder.assetcatalog; path = "Preview Assets.xcassets"; sourceTree = "<group>"; };
		C8FAFAAB25A2408400AB5AFB /* Info.plist */ = {isa = PBXFileReference; lastKnownFileType = text.plist.xml; path = Info.plist; sourceTree = "<group>"; };
		C8FAFAB025A2408400AB5AFB /* TodoTests.xctest */ = {isa = PBXFileReference; explicitFileType = wrapper.cfbundle; includeInIndex = 0; path = TodoTests.xctest; sourceTree = BUILT_PRODUCTS_DIR; };
		C8FAFAB425A2408400AB5AFB /* TodoTests.swift */ = {isa = PBXFileReference; lastKnownFileType = sourcecode.swift; path = TodoTests.swift; sourceTree = "<group>"; };
		C8FAFAB625A2408400AB5AFB /* Info.plist */ = {isa = PBXFileReference; lastKnownFileType = text.plist.xml; path = Info.plist; sourceTree = "<group>"; };
		C8FAFABB25A2408400AB5AFB /* TodoUITests.xctest */ = {isa = PBXFileReference; explicitFileType = wrapper.cfbundle; includeInIndex = 0; path = TodoUITests.xctest; sourceTree = BUILT_PRODUCTS_DIR; };
		C8FAFABF25A2408400AB5AFB /* TodoUITests.swift */ = {isa = PBXFileReference; lastKnownFileType = sourcecode.swift; path = TodoUITests.swift; sourceTree = "<group>"; };
		C8FAFAC125A2408400AB5AFB /* Info.plist */ = {isa = PBXFileReference; lastKnownFileType = text.plist.xml; path = Info.plist; sourceTree = "<group>"; };
		EAAEEE3CB6A00166FBD61EDC /* Pods-Todo-TodoUITests.debug.xcconfig */ = {isa = PBXFileReference; includeInIndex = 1; lastKnownFileType = text.xcconfig; name = "Pods-Todo-TodoUITests.debug.xcconfig"; path = "Target Support Files/Pods-Todo-TodoUITests/Pods-Todo-TodoUITests.debug.xcconfig"; sourceTree = "<group>"; };
		FF750AC1765FC495608CFB24 /* Pods-Todo-TodoUITests.release.xcconfig */ = {isa = PBXFileReference; includeInIndex = 1; lastKnownFileType = text.xcconfig; name = "Pods-Todo-TodoUITests.release.xcconfig"; path = "Target Support Files/Pods-Todo-TodoUITests/Pods-Todo-TodoUITests.release.xcconfig"; sourceTree = "<group>"; };
		B0CBFF42100341BAB4BB8739 /* AmplifyModels.swift */ = {isa = PBXFileReference; name = "AmplifyModels.swift"; path = "amplify/generated/models/AmplifyModels.swift"; sourceTree = "<group>"; fileEncoding = 4; lastKnownFileType = sourcecode.swift; explicitFileType = undefined; includeInIndex = 0; };
		65E7BFD7BB024C3596510010 /* Priority.swift */ = {isa = PBXFileReference; name = "Priority.swift"; path = "amplify/generated/models/Priority.swift"; sourceTree = "<group>"; fileEncoding = 4; lastKnownFileType = sourcecode.swift; explicitFileType = undefined; includeInIndex = 0; };
		D74B3E2414EA4DBC840131D1 /* Todo.swift */ = {isa = PBXFileReference; name = "Todo.swift"; path = "amplify/generated/models/Todo.swift"; sourceTree = "<group>"; fileEncoding = 4; lastKnownFileType = sourcecode.swift; explicitFileType = undefined; includeInIndex = 0; };
		043A975E090F456BAF649FE3 /* Todo+Schema.swift */ = {isa = PBXFileReference; name = "Todo+Schema.swift"; path = "amplify/generated/models/Todo+Schema.swift"; sourceTree = "<group>"; fileEncoding = 4; lastKnownFileType = sourcecode.swift; explicitFileType = undefined; includeInIndex = 0; };
/* End PBXFileReference section */

/* Begin PBXFrameworksBuildPhase section */
		C8FAFA9C25A2408100AB5AFB /* Frameworks */ = {
			isa = PBXFrameworksBuildPhase;
			buildActionMask = 2147483647;
			files = (
				1D420E316E1EBF6117CA3A0B /* Pods_Todo.framework in Frameworks */,
			);
			runOnlyForDeploymentPostprocessing = 0;
		};
		C8FAFAAD25A2408400AB5AFB /* Frameworks */ = {
			isa = PBXFrameworksBuildPhase;
			buildActionMask = 2147483647;
			files = (
				34E3DC63CFCDC58D26A54C70 /* Pods_TodoTests.framework in Frameworks */,
			);
			runOnlyForDeploymentPostprocessing = 0;
		};
		C8FAFAB825A2408400AB5AFB /* Frameworks */ = {
			isa = PBXFrameworksBuildPhase;
			buildActionMask = 2147483647;
			files = (
				21BC9DC7C192E5A51926C5D4 /* Pods_Todo_TodoUITests.framework in Frameworks */,
			);
			runOnlyForDeploymentPostprocessing = 0;
		};
/* End PBXFrameworksBuildPhase section */

/* Begin PBXGroup section */
		3E8157C586F04998BE996EAA /* AmplifyConfig */ = {
			isa = PBXGroup;
			children = (
				957B9184AD534BBC9540DC48 /* amplifytools.xcconfig */,
				7B437DF2DF0348289BE2874A /* amplifyconfiguration.json */,
				36F1650412234DF79FAB33B9 /* awsconfiguration.json */,
				549E92680326493B85A68E5F /* schema.graphql */,
			);
			name = AmplifyConfig;
			path = .;
			sourceTree = "<group>";
		};
		5D0AD7951AC872738CF22525 /* Pods */ = {
			isa = PBXGroup;
			children = (
				C40638708404D6489AF3DCFA /* Pods-Todo.debug.xcconfig */,
				C5AB6734AC437CC861939DBF /* Pods-Todo.release.xcconfig */,
				EAAEEE3CB6A00166FBD61EDC /* Pods-Todo-TodoUITests.debug.xcconfig */,
				FF750AC1765FC495608CFB24 /* Pods-Todo-TodoUITests.release.xcconfig */,
				629D06FD75EAF4872A81DC9E /* Pods-TodoTests.debug.xcconfig */,
				4CA550B107EF0937723975ED /* Pods-TodoTests.release.xcconfig */,
			);
			name = Pods;
			path = Pods;
			sourceTree = "<group>";
		};
		9C14C33B5040754042E736FC /* Frameworks */ = {
			isa = PBXGroup;
			children = (
				8224009D72368468977ADF6F /* Pods_Todo.framework */,
				7AE4CF04FED8C22107F6602C /* Pods_Todo_TodoUITests.framework */,
				38B10BCF0AEC2B3813B37776 /* Pods_TodoTests.framework */,
			);
			name = Frameworks;
			sourceTree = "<group>";
		};
		C8FAFA9625A2408100AB5AFB = {
			isa = PBXGroup;
			children = (
				FDE7735DAE24437C883E864E /* AmplifyModels */,
				3E8157C586F04998BE996EAA /* AmplifyConfig */,
				C8FAFAA125A2408100AB5AFB /* Todo */,
				C8FAFAB325A2408400AB5AFB /* TodoTests */,
				C8FAFABE25A2408400AB5AFB /* TodoUITests */,
				C8FAFAA025A2408100AB5AFB /* Products */,
				5D0AD7951AC872738CF22525 /* Pods */,
				9C14C33B5040754042E736FC /* Frameworks */,
			);
			sourceTree = "<group>";
		};
		C8FAFAA025A2408100AB5AFB /* Products */ = {
			isa = PBXGroup;
			children = (
				C8FAFA9F25A2408100AB5AFB /* Todo.app */,
				C8FAFAB025A2408400AB5AFB /* TodoTests.xctest */,
				C8FAFABB25A2408400AB5AFB /* TodoUITests.xctest */,
			);
			name = Products;
			sourceTree = "<group>";
		};
		C8FAFAA125A2408100AB5AFB /* Todo */ = {
			isa = PBXGroup;
			children = (
				C8FAFAA225A2408100AB5AFB /* TodoApp.swift */,
				C8FAFAA425A2408100AB5AFB /* ContentView.swift */,
				C8FAFAA625A2408400AB5AFB /* Assets.xcassets */,
				C8FAFAAB25A2408400AB5AFB /* Info.plist */,
				C8FAFAA825A2408400AB5AFB /* Preview Content */,
			);
			path = Todo;
			sourceTree = "<group>";
		};
		C8FAFAA825A2408400AB5AFB /* Preview Content */ = {
			isa = PBXGroup;
			children = (
				C8FAFAA925A2408400AB5AFB /* Preview Assets.xcassets */,
			);
			path = "Preview Content";
			sourceTree = "<group>";
		};
		C8FAFAB325A2408400AB5AFB /* TodoTests */ = {
			isa = PBXGroup;
			children = (
				C8FAFAB425A2408400AB5AFB /* TodoTests.swift */,
				C8FAFAB625A2408400AB5AFB /* Info.plist */,
			);
			path = TodoTests;
			sourceTree = "<group>";
		};
		C8FAFABE25A2408400AB5AFB /* TodoUITests */ = {
			isa = PBXGroup;
			children = (
				C8FAFABF25A2408400AB5AFB /* TodoUITests.swift */,
				C8FAFAC125A2408400AB5AFB /* Info.plist */,
			);
			path = TodoUITests;
			sourceTree = "<group>";
		};
		FDE7735DAE24437C883E864E /* AmplifyModels */ = {
			isa = PBXGroup;
			children = (
				B0CBFF42100341BAB4BB8739 /* AmplifyModels.swift */,
				65E7BFD7BB024C3596510010 /* Priority.swift */,
				D74B3E2414EA4DBC840131D1 /* Todo.swift */,
				043A975E090F456BAF649FE3 /* Todo+Schema.swift */,
			);
			name = AmplifyModels;
			path = .;
			sourceTree = "<group>";
		};
		AF3E9687C95B41AFBED3D5CB /* Resources */ = {
			isa = PBXGroup;
			children = (
			);
			name = Resources;
			path = undefined;
			sourceTree = "<group>";
		};
/* End PBXGroup section */

/* Begin PBXNativeTarget section */
		C8FAFA9E25A2408100AB5AFB /* Todo */ = {
			isa = PBXNativeTarget;
			buildConfigurationList = C8FAFAC425A2408400AB5AFB /* Build configuration list for PBXNativeTarget "Todo" */;
			buildPhases = (
				CE04EAD88DD02CE1D16393D9 /* [CP] Check Pods Manifest.lock */,
				C8FAFA9B25A2408100AB5AFB /* Sources */,
				C8FAFA9C25A2408100AB5AFB /* Frameworks */,
				C8FAFA9D25A2408100AB5AFB /* Resources */,
				ECEAB04F5C3AE2F53E18B2DE /* [CP] Embed Pods Frameworks */,
			);
			buildRules = (
			);
			dependencies = (
			);
			name = Todo;
			productName = Todo;
			productReference = C8FAFA9F25A2408100AB5AFB /* Todo.app */;
			productType = "com.apple.product-type.application";
		};
		C8FAFAAF25A2408400AB5AFB /* TodoTests */ = {
			isa = PBXNativeTarget;
			buildConfigurationList = C8FAFAC725A2408400AB5AFB /* Build configuration list for PBXNativeTarget "TodoTests" */;
			buildPhases = (
				76BE45AAF4DDB1CDAB4247EC /* [CP] Check Pods Manifest.lock */,
				C8FAFAAC25A2408400AB5AFB /* Sources */,
				C8FAFAAD25A2408400AB5AFB /* Frameworks */,
				C8FAFAAE25A2408400AB5AFB /* Resources */,
			);
			buildRules = (
			);
			dependencies = (
				C8FAFAB225A2408400AB5AFB /* PBXTargetDependency */,
			);
			name = TodoTests;
			productName = TodoTests;
			productReference = C8FAFAB025A2408400AB5AFB /* TodoTests.xctest */;
			productType = "com.apple.product-type.bundle.unit-test";
		};
		C8FAFABA25A2408400AB5AFB /* TodoUITests */ = {
			isa = PBXNativeTarget;
			buildConfigurationList = C8FAFACA25A2408400AB5AFB /* Build configuration list for PBXNativeTarget "TodoUITests" */;
			buildPhases = (
				985969284849950684B91B22 /* [CP] Check Pods Manifest.lock */,
				C8FAFAB725A2408400AB5AFB /* Sources */,
				C8FAFAB825A2408400AB5AFB /* Frameworks */,
				C8FAFAB925A2408400AB5AFB /* Resources */,
				51BD41B7508A0D3ACE9AF802 /* [CP] Embed Pods Frameworks */,
			);
			buildRules = (
			);
			dependencies = (
				C8FAFABD25A2408400AB5AFB /* PBXTargetDependency */,
			);
			name = TodoUITests;
			productName = TodoUITests;
			productReference = C8FAFABB25A2408400AB5AFB /* TodoUITests.xctest */;
			productType = "com.apple.product-type.bundle.ui-testing";
		};
/* End PBXNativeTarget section */

/* Begin PBXProject section */
		C8FAFA9725A2408100AB5AFB /* Project object */ = {
			isa = PBXProject;
			attributes = {
				LastSwiftUpdateCheck = 1230;
				LastUpgradeCheck = 1230;
				TargetAttributes = {
					C8FAFA9E25A2408100AB5AFB = {
						CreatedOnToolsVersion = 12.3;
					};
					C8FAFAAF25A2408400AB5AFB = {
						CreatedOnToolsVersion = 12.3;
						TestTargetID = C8FAFA9E25A2408100AB5AFB;
					};
					C8FAFABA25A2408400AB5AFB = {
						CreatedOnToolsVersion = 12.3;
						TestTargetID = C8FAFA9E25A2408100AB5AFB;
					};
				};
			};
			buildConfigurationList = C8FAFA9A25A2408100AB5AFB /* Build configuration list for PBXProject "Todo" */;
			compatibilityVersion = "Xcode 9.3";
			developmentRegion = en;
			hasScannedForEncodings = 0;
			knownRegions = (
				en,
				Base,
			);
			mainGroup = C8FAFA9625A2408100AB5AFB;
			productRefGroup = C8FAFAA025A2408100AB5AFB /* Products */;
			projectDirPath = "";
			projectRoot = "";
			targets = (
				C8FAFA9E25A2408100AB5AFB /* Todo */,
				C8FAFAAF25A2408400AB5AFB /* TodoTests */,
				C8FAFABA25A2408400AB5AFB /* TodoUITests */,
			);
		};
/* End PBXProject section */

/* Begin PBXResourcesBuildPhase section */
		C8FAFA9D25A2408100AB5AFB /* Resources */ = {
			isa = PBXResourcesBuildPhase;
			buildActionMask = 2147483647;
			files = (
				C8FAFAAA25A2408400AB5AFB /* Preview Assets.xcassets in Resources */,
				C8FAFAA725A2408400AB5AFB /* Assets.xcassets in Resources */,
				71C32C6AA7024A00AAC7B0E2 /* amplifyconfiguration.json in Resources */,
				C7AC848C81D348ACA3C8D068 /* awsconfiguration.json in Resources */,
			);
			runOnlyForDeploymentPostprocessing = 0;
		};
		C8FAFAAE25A2408400AB5AFB /* Resources */ = {
			isa = PBXResourcesBuildPhase;
			buildActionMask = 2147483647;
			files = (
			);
			runOnlyForDeploymentPostprocessing = 0;
		};
		C8FAFAB925A2408400AB5AFB /* Resources */ = {
			isa = PBXResourcesBuildPhase;
			buildActionMask = 2147483647;
			files = (
			);
			runOnlyForDeploymentPostprocessing = 0;
		};
/* End PBXResourcesBuildPhase section */

/* Begin PBXShellScriptBuildPhase section */
		51BD41B7508A0D3ACE9AF802 /* [CP] Embed Pods Frameworks */ = {
			isa = PBXShellScriptBuildPhase;
			buildActionMask = 2147483647;
			files = (
			);
			inputFileListPaths = (
				"${PODS_ROOT}/Target Support Files/Pods-Todo-TodoUITests/Pods-Todo-TodoUITests-frameworks-${CONFIGURATION}-input-files.xcfilelist",
			);
			name = "[CP] Embed Pods Frameworks";
			outputFileListPaths = (
				"${PODS_ROOT}/Target Support Files/Pods-Todo-TodoUITests/Pods-Todo-TodoUITests-frameworks-${CONFIGURATION}-output-files.xcfilelist",
			);
			runOnlyForDeploymentPostprocessing = 0;
			shellPath = /bin/sh;
			shellScript = "\"${PODS_ROOT}/Target Support Files/Pods-Todo-TodoUITests/Pods-Todo-TodoUITests-frameworks.sh\"\n";
			showEnvVarsInLog = 0;
		};
		76BE45AAF4DDB1CDAB4247EC /* [CP] Check Pods Manifest.lock */ = {
			isa = PBXShellScriptBuildPhase;
			buildActionMask = 2147483647;
			files = (
			);
			inputFileListPaths = (
			);
			inputPaths = (
				"${PODS_PODFILE_DIR_PATH}/Podfile.lock",
				"${PODS_ROOT}/Manifest.lock",
			);
			name = "[CP] Check Pods Manifest.lock";
			outputFileListPaths = (
			);
			outputPaths = (
				"$(DERIVED_FILE_DIR)/Pods-TodoTests-checkManifestLockResult.txt",
			);
			runOnlyForDeploymentPostprocessing = 0;
			shellPath = /bin/sh;
			shellScript = "diff \"${PODS_PODFILE_DIR_PATH}/Podfile.lock\" \"${PODS_ROOT}/Manifest.lock\" > /dev/null\nif [ $? != 0 ] ; then\n    # print error to STDERR\n    echo \"error: The sandbox is not in sync with the Podfile.lock. Run 'pod install' or update your CocoaPods installation.\" >&2\n    exit 1\nfi\n# This output is used by Xcode 'outputs' to avoid re-running this script phase.\necho \"SUCCESS\" > \"${SCRIPT_OUTPUT_FILE_0}\"\n";
			showEnvVarsInLog = 0;
		};
		985969284849950684B91B22 /* [CP] Check Pods Manifest.lock */ = {
			isa = PBXShellScriptBuildPhase;
			buildActionMask = 2147483647;
			files = (
			);
			inputFileListPaths = (
			);
			inputPaths = (
				"${PODS_PODFILE_DIR_PATH}/Podfile.lock",
				"${PODS_ROOT}/Manifest.lock",
			);
			name = "[CP] Check Pods Manifest.lock";
			outputFileListPaths = (
			);
			outputPaths = (
				"$(DERIVED_FILE_DIR)/Pods-Todo-TodoUITests-checkManifestLockResult.txt",
			);
			runOnlyForDeploymentPostprocessing = 0;
			shellPath = /bin/sh;
			shellScript = "diff \"${PODS_PODFILE_DIR_PATH}/Podfile.lock\" \"${PODS_ROOT}/Manifest.lock\" > /dev/null\nif [ $? != 0 ] ; then\n    # print error to STDERR\n    echo \"error: The sandbox is not in sync with the Podfile.lock. Run 'pod install' or update your CocoaPods installation.\" >&2\n    exit 1\nfi\n# This output is used by Xcode 'outputs' to avoid re-running this script phase.\necho \"SUCCESS\" > \"${SCRIPT_OUTPUT_FILE_0}\"\n";
			showEnvVarsInLog = 0;
		};
		CE04EAD88DD02CE1D16393D9 /* [CP] Check Pods Manifest.lock */ = {
			isa = PBXShellScriptBuildPhase;
			buildActionMask = 2147483647;
			files = (
			);
			inputFileListPaths = (
			);
			inputPaths = (
				"${PODS_PODFILE_DIR_PATH}/Podfile.lock",
				"${PODS_ROOT}/Manifest.lock",
			);
			name = "[CP] Check Pods Manifest.lock";
			outputFileListPaths = (
			);
			outputPaths = (
				"$(DERIVED_FILE_DIR)/Pods-Todo-checkManifestLockResult.txt",
			);
			runOnlyForDeploymentPostprocessing = 0;
			shellPath = /bin/sh;
			shellScript = "diff \"${PODS_PODFILE_DIR_PATH}/Podfile.lock\" \"${PODS_ROOT}/Manifest.lock\" > /dev/null\nif [ $? != 0 ] ; then\n    # print error to STDERR\n    echo \"error: The sandbox is not in sync with the Podfile.lock. Run 'pod install' or update your CocoaPods installation.\" >&2\n    exit 1\nfi\n# This output is used by Xcode 'outputs' to avoid re-running this script phase.\necho \"SUCCESS\" > \"${SCRIPT_OUTPUT_FILE_0}\"\n";
			showEnvVarsInLog = 0;
		};
		ECEAB04F5C3AE2F53E18B2DE /* [CP] Embed Pods Frameworks */ = {
			isa = PBXShellScriptBuildPhase;
			buildActionMask = 2147483647;
			files = (
			);
			inputFileListPaths = (
				"${PODS_ROOT}/Target Support Files/Pods-Todo/Pods-Todo-frameworks-${CONFIGURATION}-input-files.xcfilelist",
			);
			name = "[CP] Embed Pods Frameworks";
			outputFileListPaths = (
				"${PODS_ROOT}/Target Support Files/Pods-Todo/Pods-Todo-frameworks-${CONFIGURATION}-output-files.xcfilelist",
			);
			runOnlyForDeploymentPostprocessing = 0;
			shellPath = /bin/sh;
			shellScript = "\"${PODS_ROOT}/Target Support Files/Pods-Todo/Pods-Todo-frameworks.sh\"\n";
			showEnvVarsInLog = 0;
		};
/* End PBXShellScriptBuildPhase section */

/* Begin PBXSourcesBuildPhase section */
		C8FAFA9B25A2408100AB5AFB /* Sources */ = {
			isa = PBXSourcesBuildPhase;
			buildActionMask = 2147483647;
			files = (
				C8FAFAA525A2408100AB5AFB /* ContentView.swift in Sources */,
				C8FAFAA325A2408100AB5AFB /* TodoApp.swift in Sources */,
				35BCD20D9A944FCAAE2D247A /* AmplifyModels.swift in Sources */,
				174FBE06121149CB8815A1BC /* Priority.swift in Sources */,
				BC06EE50ACB04E42A59E53AE /* Todo.swift in Sources */,
				BBC4A5AE9129464E8AD7C785 /* Todo+Schema.swift in Sources */,
			);
			runOnlyForDeploymentPostprocessing = 0;
		};
		C8FAFAAC25A2408400AB5AFB /* Sources */ = {
			isa = PBXSourcesBuildPhase;
			buildActionMask = 2147483647;
			files = (
				C8FAFAB525A2408400AB5AFB /* TodoTests.swift in Sources */,
			);
			runOnlyForDeploymentPostprocessing = 0;
		};
		C8FAFAB725A2408400AB5AFB /* Sources */ = {
			isa = PBXSourcesBuildPhase;
			buildActionMask = 2147483647;
			files = (
				C8FAFAC025A2408400AB5AFB /* TodoUITests.swift in Sources */,
			);
			runOnlyForDeploymentPostprocessing = 0;
		};
/* End PBXSourcesBuildPhase section */

/* Begin PBXTargetDependency section */
		C8FAFAB225A2408400AB5AFB /* PBXTargetDependency */ = {
			isa = PBXTargetDependency;
			target = C8FAFA9E25A2408100AB5AFB /* Todo */;
			targetProxy = C8FAFAB125A2408400AB5AFB /* PBXContainerItemProxy */;
		};
		C8FAFABD25A2408400AB5AFB /* PBXTargetDependency */ = {
			isa = PBXTargetDependency;
			target = C8FAFA9E25A2408100AB5AFB /* Todo */;
			targetProxy = C8FAFABC25A2408400AB5AFB /* PBXContainerItemProxy */;
		};
/* End PBXTargetDependency section */

/* Begin XCBuildConfiguration section */
		C8FAFAC225A2408400AB5AFB /* Debug */ = {
			isa = XCBuildConfiguration;
			buildSettings = {
				ALWAYS_SEARCH_USER_PATHS = NO;
				CLANG_ANALYZER_NONNULL = YES;
				CLANG_ANALYZER_NUMBER_OBJECT_CONVERSION = YES_AGGRESSIVE;
				CLANG_CXX_LANGUAGE_STANDARD = "gnu++14";
				CLANG_CXX_LIBRARY = "libc++";
				CLANG_ENABLE_MODULES = YES;
				CLANG_ENABLE_OBJC_ARC = YES;
				CLANG_ENABLE_OBJC_WEAK = YES;
				CLANG_WARN_BLOCK_CAPTURE_AUTORELEASING = YES;
				CLANG_WARN_BOOL_CONVERSION = YES;
				CLANG_WARN_COMMA = YES;
				CLANG_WARN_CONSTANT_CONVERSION = YES;
				CLANG_WARN_DEPRECATED_OBJC_IMPLEMENTATIONS = YES;
				CLANG_WARN_DIRECT_OBJC_ISA_USAGE = YES_ERROR;
				CLANG_WARN_DOCUMENTATION_COMMENTS = YES;
				CLANG_WARN_EMPTY_BODY = YES;
				CLANG_WARN_ENUM_CONVERSION = YES;
				CLANG_WARN_INFINITE_RECURSION = YES;
				CLANG_WARN_INT_CONVERSION = YES;
				CLANG_WARN_NON_LITERAL_NULL_CONVERSION = YES;
				CLANG_WARN_OBJC_IMPLICIT_RETAIN_SELF = YES;
				CLANG_WARN_OBJC_LITERAL_CONVERSION = YES;
				CLANG_WARN_OBJC_ROOT_CLASS = YES_ERROR;
				CLANG_WARN_QUOTED_INCLUDE_IN_FRAMEWORK_HEADER = YES;
				CLANG_WARN_RANGE_LOOP_ANALYSIS = YES;
				CLANG_WARN_STRICT_PROTOTYPES = YES;
				CLANG_WARN_SUSPICIOUS_MOVE = YES;
				CLANG_WARN_UNGUARDED_AVAILABILITY = YES_AGGRESSIVE;
				CLANG_WARN_UNREACHABLE_CODE = YES;
				CLANG_WARN__DUPLICATE_METHOD_MATCH = YES;
				COPY_PHASE_STRIP = NO;
				DEBUG_INFORMATION_FORMAT = dwarf;
				ENABLE_STRICT_OBJC_MSGSEND = YES;
				ENABLE_TESTABILITY = YES;
				GCC_C_LANGUAGE_STANDARD = gnu11;
				GCC_DYNAMIC_NO_PIC = NO;
				GCC_NO_COMMON_BLOCKS = YES;
				GCC_OPTIMIZATION_LEVEL = 0;
				GCC_PREPROCESSOR_DEFINITIONS = (
					"DEBUG=1",
					"$(inherited)",
				);
				GCC_WARN_64_TO_32_BIT_CONVERSION = YES;
				GCC_WARN_ABOUT_RETURN_TYPE = YES_ERROR;
				GCC_WARN_UNDECLARED_SELECTOR = YES;
				GCC_WARN_UNINITIALIZED_AUTOS = YES_AGGRESSIVE;
				GCC_WARN_UNUSED_FUNCTION = YES;
				GCC_WARN_UNUSED_VARIABLE = YES;
				IPHONEOS_DEPLOYMENT_TARGET = 14.3;
				MTL_ENABLE_DEBUG_INFO = INCLUDE_SOURCE;
				MTL_FAST_MATH = YES;
				ONLY_ACTIVE_ARCH = YES;
				SDKROOT = iphoneos;
				SWIFT_ACTIVE_COMPILATION_CONDITIONS = DEBUG;
				SWIFT_OPTIMIZATION_LEVEL = "-Onone";
			};
			name = Debug;
		};
		C8FAFAC325A2408400AB5AFB /* Release */ = {
			isa = XCBuildConfiguration;
			buildSettings = {
				ALWAYS_SEARCH_USER_PATHS = NO;
				CLANG_ANALYZER_NONNULL = YES;
				CLANG_ANALYZER_NUMBER_OBJECT_CONVERSION = YES_AGGRESSIVE;
				CLANG_CXX_LANGUAGE_STANDARD = "gnu++14";
				CLANG_CXX_LIBRARY = "libc++";
				CLANG_ENABLE_MODULES = YES;
				CLANG_ENABLE_OBJC_ARC = YES;
				CLANG_ENABLE_OBJC_WEAK = YES;
				CLANG_WARN_BLOCK_CAPTURE_AUTORELEASING = YES;
				CLANG_WARN_BOOL_CONVERSION = YES;
				CLANG_WARN_COMMA = YES;
				CLANG_WARN_CONSTANT_CONVERSION = YES;
				CLANG_WARN_DEPRECATED_OBJC_IMPLEMENTATIONS = YES;
				CLANG_WARN_DIRECT_OBJC_ISA_USAGE = YES_ERROR;
				CLANG_WARN_DOCUMENTATION_COMMENTS = YES;
				CLANG_WARN_EMPTY_BODY = YES;
				CLANG_WARN_ENUM_CONVERSION = YES;
				CLANG_WARN_INFINITE_RECURSION = YES;
				CLANG_WARN_INT_CONVERSION = YES;
				CLANG_WARN_NON_LITERAL_NULL_CONVERSION = YES;
				CLANG_WARN_OBJC_IMPLICIT_RETAIN_SELF = YES;
				CLANG_WARN_OBJC_LITERAL_CONVERSION = YES;
				CLANG_WARN_OBJC_ROOT_CLASS = YES_ERROR;
				CLANG_WARN_QUOTED_INCLUDE_IN_FRAMEWORK_HEADER = YES;
				CLANG_WARN_RANGE_LOOP_ANALYSIS = YES;
				CLANG_WARN_STRICT_PROTOTYPES = YES;
				CLANG_WARN_SUSPICIOUS_MOVE = YES;
				CLANG_WARN_UNGUARDED_AVAILABILITY = YES_AGGRESSIVE;
				CLANG_WARN_UNREACHABLE_CODE = YES;
				CLANG_WARN__DUPLICATE_METHOD_MATCH = YES;
				COPY_PHASE_STRIP = NO;
				DEBUG_INFORMATION_FORMAT = "dwarf-with-dsym";
				ENABLE_NS_ASSERTIONS = NO;
				ENABLE_STRICT_OBJC_MSGSEND = YES;
				GCC_C_LANGUAGE_STANDARD = gnu11;
				GCC_NO_COMMON_BLOCKS = YES;
				GCC_WARN_64_TO_32_BIT_CONVERSION = YES;
				GCC_WARN_ABOUT_RETURN_TYPE = YES_ERROR;
				GCC_WARN_UNDECLARED_SELECTOR = YES;
				GCC_WARN_UNINITIALIZED_AUTOS = YES_AGGRESSIVE;
				GCC_WARN_UNUSED_FUNCTION = YES;
				GCC_WARN_UNUSED_VARIABLE = YES;
				IPHONEOS_DEPLOYMENT_TARGET = 14.3;
				MTL_ENABLE_DEBUG_INFO = NO;
				MTL_FAST_MATH = YES;
				SDKROOT = iphoneos;
				SWIFT_COMPILATION_MODE = wholemodule;
				SWIFT_OPTIMIZATION_LEVEL = "-O";
				VALIDATE_PRODUCT = YES;
			};
			name = Release;
		};
		C8FAFAC525A2408400AB5AFB /* Debug */ = {
			isa = XCBuildConfiguration;
			baseConfigurationReference = C40638708404D6489AF3DCFA /* Pods-Todo.debug.xcconfig */;
			buildSettings = {
				ASSETCATALOG_COMPILER_APPICON_NAME = AppIcon;
				ASSETCATALOG_COMPILER_GLOBAL_ACCENT_COLOR_NAME = AccentColor;
				CODE_SIGN_STYLE = Automatic;
				DEVELOPMENT_ASSET_PATHS = "\"Todo/Preview Content\"";
				DEVELOPMENT_TEAM = A628LDK929;
				ENABLE_PREVIEWS = YES;
				INFOPLIST_FILE = Todo/Info.plist;
				IPHONEOS_DEPLOYMENT_TARGET = 14.0;
				LD_RUNPATH_SEARCH_PATHS = (
					"$(inherited)",
					"@executable_path/Frameworks",
				);
				PRODUCT_BUNDLE_IDENTIFIER = aws.Todo;
				PRODUCT_NAME = "$(TARGET_NAME)";
				SWIFT_VERSION = 5.0;
				TARGETED_DEVICE_FAMILY = "1,2";
			};
			name = Debug;
		};
		C8FAFAC625A2408400AB5AFB /* Release */ = {
			isa = XCBuildConfiguration;
			baseConfigurationReference = C5AB6734AC437CC861939DBF /* Pods-Todo.release.xcconfig */;
			buildSettings = {
				ASSETCATALOG_COMPILER_APPICON_NAME = AppIcon;
				ASSETCATALOG_COMPILER_GLOBAL_ACCENT_COLOR_NAME = AccentColor;
				CODE_SIGN_STYLE = Automatic;
				DEVELOPMENT_ASSET_PATHS = "\"Todo/Preview Content\"";
				DEVELOPMENT_TEAM = A628LDK929;
				ENABLE_PREVIEWS = YES;
				INFOPLIST_FILE = Todo/Info.plist;
				IPHONEOS_DEPLOYMENT_TARGET = 14.0;
				LD_RUNPATH_SEARCH_PATHS = (
					"$(inherited)",
					"@executable_path/Frameworks",
				);
				PRODUCT_BUNDLE_IDENTIFIER = aws.Todo;
				PRODUCT_NAME = "$(TARGET_NAME)";
				SWIFT_VERSION = 5.0;
				TARGETED_DEVICE_FAMILY = "1,2";
			};
			name = Release;
		};
		C8FAFAC825A2408400AB5AFB /* Debug */ = {
			isa = XCBuildConfiguration;
			baseConfigurationReference = 629D06FD75EAF4872A81DC9E /* Pods-TodoTests.debug.xcconfig */;
			buildSettings = {
				ALWAYS_EMBED_SWIFT_STANDARD_LIBRARIES = YES;
				BUNDLE_LOADER = "$(TEST_HOST)";
				CODE_SIGN_STYLE = Automatic;
				DEVELOPMENT_TEAM = A628LDK929;
				INFOPLIST_FILE = TodoTests/Info.plist;
				IPHONEOS_DEPLOYMENT_TARGET = 14.0;
				LD_RUNPATH_SEARCH_PATHS = (
					"$(inherited)",
					"@executable_path/Frameworks",
					"@loader_path/Frameworks",
				);
				PRODUCT_BUNDLE_IDENTIFIER = aws.TodoTests;
				PRODUCT_NAME = "$(TARGET_NAME)";
				SWIFT_VERSION = 5.0;
				TARGETED_DEVICE_FAMILY = "1,2";
				TEST_HOST = "$(BUILT_PRODUCTS_DIR)/Todo.app/Todo";
			};
			name = Debug;
		};
		C8FAFAC925A2408400AB5AFB /* Release */ = {
			isa = XCBuildConfiguration;
			baseConfigurationReference = 4CA550B107EF0937723975ED /* Pods-TodoTests.release.xcconfig */;
			buildSettings = {
				ALWAYS_EMBED_SWIFT_STANDARD_LIBRARIES = YES;
				BUNDLE_LOADER = "$(TEST_HOST)";
				CODE_SIGN_STYLE = Automatic;
				DEVELOPMENT_TEAM = A628LDK929;
				INFOPLIST_FILE = TodoTests/Info.plist;
				IPHONEOS_DEPLOYMENT_TARGET = 14.0;
				LD_RUNPATH_SEARCH_PATHS = (
					"$(inherited)",
					"@executable_path/Frameworks",
					"@loader_path/Frameworks",
				);
				PRODUCT_BUNDLE_IDENTIFIER = aws.TodoTests;
				PRODUCT_NAME = "$(TARGET_NAME)";
				SWIFT_VERSION = 5.0;
				TARGETED_DEVICE_FAMILY = "1,2";
				TEST_HOST = "$(BUILT_PRODUCTS_DIR)/Todo.app/Todo";
			};
			name = Release;
		};
		C8FAFACB25A2408400AB5AFB /* Debug */ = {
			isa = XCBuildConfiguration;
			baseConfigurationReference = EAAEEE3CB6A00166FBD61EDC /* Pods-Todo-TodoUITests.debug.xcconfig */;
			buildSettings = {
				ALWAYS_EMBED_SWIFT_STANDARD_LIBRARIES = YES;
				CODE_SIGN_STYLE = Automatic;
				DEVELOPMENT_TEAM = A628LDK929;
				INFOPLIST_FILE = TodoUITests/Info.plist;
				LD_RUNPATH_SEARCH_PATHS = (
					"$(inherited)",
					"@executable_path/Frameworks",
					"@loader_path/Frameworks",
				);
				PRODUCT_BUNDLE_IDENTIFIER = aws.TodoUITests;
				PRODUCT_NAME = "$(TARGET_NAME)";
				SWIFT_VERSION = 5.0;
				TARGETED_DEVICE_FAMILY = "1,2";
				TEST_TARGET_NAME = Todo;
			};
			name = Debug;
		};
		C8FAFACC25A2408400AB5AFB /* Release */ = {
			isa = XCBuildConfiguration;
			baseConfigurationReference = FF750AC1765FC495608CFB24 /* Pods-Todo-TodoUITests.release.xcconfig */;
			buildSettings = {
				ALWAYS_EMBED_SWIFT_STANDARD_LIBRARIES = YES;
				CODE_SIGN_STYLE = Automatic;
				DEVELOPMENT_TEAM = A628LDK929;
				INFOPLIST_FILE = TodoUITests/Info.plist;
				LD_RUNPATH_SEARCH_PATHS = (
					"$(inherited)",
					"@executable_path/Frameworks",
					"@loader_path/Frameworks",
				);
				PRODUCT_BUNDLE_IDENTIFIER = aws.TodoUITests;
				PRODUCT_NAME = "$(TARGET_NAME)";
				SWIFT_VERSION = 5.0;
				TARGETED_DEVICE_FAMILY = "1,2";
				TEST_TARGET_NAME = Todo;
			};
			name = Release;
		};
/* End XCBuildConfiguration section */

/* Begin XCConfigurationList section */
		C8FAFA9A25A2408100AB5AFB /* Build configuration list for PBXProject "Todo" */ = {
			isa = XCConfigurationList;
			buildConfigurations = (
				C8FAFAC225A2408400AB5AFB /* Debug */,
				C8FAFAC325A2408400AB5AFB /* Release */,
			);
			defaultConfigurationIsVisible = 0;
			defaultConfigurationName = Release;
		};
		C8FAFAC425A2408400AB5AFB /* Build configuration list for PBXNativeTarget "Todo" */ = {
			isa = XCConfigurationList;
			buildConfigurations = (
				C8FAFAC525A2408400AB5AFB /* Debug */,
				C8FAFAC625A2408400AB5AFB /* Release */,
			);
			defaultConfigurationIsVisible = 0;
			defaultConfigurationName = Release;
		};
		C8FAFAC725A2408400AB5AFB /* Build configuration list for PBXNativeTarget "TodoTests" */ = {
			isa = XCConfigurationList;
			buildConfigurations = (
				C8FAFAC825A2408400AB5AFB /* Debug */,
				C8FAFAC925A2408400AB5AFB /* Release */,
			);
			defaultConfigurationIsVisible = 0;
			defaultConfigurationName = Release;
		};
		C8FAFACA25A2408400AB5AFB /* Build configuration list for PBXNativeTarget "TodoUITests" */ = {
			isa = XCConfigurationList;
			buildConfigurations = (
				C8FAFACB25A2408400AB5AFB /* Debug */,
				C8FAFACC25A2408400AB5AFB /* Release */,
			);
			defaultConfigurationIsVisible = 0;
			defaultConfigurationName = Release;
		};
/* End XCConfigurationList section */
	};
	rootObject = C8FAFA9725A2408100AB5AFB /* Project object */;
}
